
Microsoft Visual Studio Solution File, Format Version 12.00
# Visual Studio Version 16
VisualStudioVersion = 16.0.30128.74
MinimumVisualStudioVersion = 10.0.40219.1
Project("{FAE04EC0-301F-11D3-BF4B-00C04F79EFBC}") = "Bidimensionales22", "Bidimensionales22\Bidimensionales22.csproj", "{8A84B0CC-1ED9-4B8E-9326-89ECB33A5F70}"
EndProject
Global
	GlobalSection(SolutionConfigurationPlatforms) = preSolution
		Debug|Any CPU = Debug|Any CPU
		Release|Any CPU = Release|Any CPU
	EndGlobalSection
	GlobalSection(ProjectConfigurationPlatforms) = postSolution
		{8A84B0CC-1ED9-4B8E-9326-89ECB33A5F70}.Debug|Any CPU.ActiveCfg = Debug|Any CPU
		{8A84B0CC-1ED9-4B8E-9326-89ECB33A5F70}.Debug|Any CPU.Build.0 = Debug|Any CPU
		{8A84B0CC-1ED9-4B8E-9326-89ECB33A5F70}.Release|Any CPU.ActiveCfg = Release|Any CPU
		{8A84B0CC-1ED9-4B8E-9326-89ECB33A5F70}.Release|Any CPU.Build.0 = Release|Any CPU
	EndGlobalSection
	GlobalSection(SolutionProperties) = preSolution
		HideSolutionNode = FALSE
	EndGlobalSection
	GlobalSection(ExtensibilityGlobals) = postSolution
		SolutionGuid = {AE5F0196-16AA-4B57-A7F1-BF39B89247AD}
	EndGlobalSection
EndGlobal
