
Microsoft Visual Studio Solution File, Format Version 12.00
# Visual Studio Version 16
VisualStudioVersion = 16.0.30011.22
MinimumVisualStudioVersion = 10.0.40219.1
Project("{FAE04EC0-301F-11D3-BF4B-00C04F79EFBC}") = "Bidimensionales 1-2", "Bidimensionales 1-2\Bidimensionales 1-2.csproj", "{B696FB20-6391-4D8D-BBF3-2D60631BFF8F}"
EndProject
Global
	GlobalSection(SolutionConfigurationPlatforms) = preSolution
		Debug|Any CPU = Debug|Any CPU
		Release|Any CPU = Release|Any CPU
	EndGlobalSection
	GlobalSection(ProjectConfigurationPlatforms) = postSolution
		{B696FB20-6391-4D8D-BBF3-2D60631BFF8F}.Debug|Any CPU.ActiveCfg = Debug|Any CPU
		{B696FB20-6391-4D8D-BBF3-2D60631BFF8F}.Debug|Any CPU.Build.0 = Debug|Any CPU
		{B696FB20-6391-4D8D-BBF3-2D60631BFF8F}.Release|Any CPU.ActiveCfg = Release|Any CPU
		{B696FB20-6391-4D8D-BBF3-2D60631BFF8F}.Release|Any CPU.Build.0 = Release|Any CPU
	EndGlobalSection
	GlobalSection(SolutionProperties) = preSolution
		HideSolutionNode = FALSE
	EndGlobalSection
	GlobalSection(ExtensibilityGlobals) = postSolution
		SolutionGuid = {FA05E5B1-23B9-4643-A76A-A5D3BA8F6D77}
	EndGlobalSection
EndGlobal
