
Microsoft Visual Studio Solution File, Format Version 12.00
# Visual Studio Version 16
VisualStudioVersion = 16.0.30011.22
MinimumVisualStudioVersion = 10.0.40219.1
Project("{FAE04EC0-301F-11D3-BF4B-00C04F79EFBC}") = "MatrizSumaFCD", "MatrizSumaFCD\MatrizSumaFCD.csproj", "{CA26B974-382A-443F-B766-C3832B6F7C79}"
EndProject
Global
	GlobalSection(SolutionConfigurationPlatforms) = preSolution
		Debug|Any CPU = Debug|Any CPU
		Release|Any CPU = Release|Any CPU
	EndGlobalSection
	GlobalSection(ProjectConfigurationPlatforms) = postSolution
		{CA26B974-382A-443F-B766-C3832B6F7C79}.Debug|Any CPU.ActiveCfg = Debug|Any CPU
		{CA26B974-382A-443F-B766-C3832B6F7C79}.Debug|Any CPU.Build.0 = Debug|Any CPU
		{CA26B974-382A-443F-B766-C3832B6F7C79}.Release|Any CPU.ActiveCfg = Release|Any CPU
		{CA26B974-382A-443F-B766-C3832B6F7C79}.Release|Any CPU.Build.0 = Release|Any CPU
	EndGlobalSection
	GlobalSection(SolutionProperties) = preSolution
		HideSolutionNode = FALSE
	EndGlobalSection
	GlobalSection(ExtensibilityGlobals) = postSolution
		SolutionGuid = {8961275F-2BC1-4D27-A541-7B9923EA4743}
	EndGlobalSection
EndGlobal
